
Microsoft Visual Studio Solution File, Format Version 12.00
# Visual Studio Version 16
VisualStudioVersion = 16.0.30320.27
MinimumVisualStudioVersion = 10.0.40219.1
Project("{FAE04EC0-301F-11D3-BF4B-00C04F79EFBC}") = "Reader.Web", "Reader.Web\Reader.Web.csproj", "{7E26E2D1-4A52-4C33-A5AE-335D9871D9BE}"
EndProject
Project("{FAE04EC0-301F-11D3-BF4B-00C04F79EFBC}") = "Reader.ReaderDb", "Reader.ReaderDb\Reader.ReaderDb.csproj", "{3790CBC3-245E-4E14-BBED-C5AFA147DECF}"
EndProject
Global
	GlobalSection(SolutionConfigurationPlatforms) = preSolution
		Debug|Any CPU = Debug|Any CPU
		Release|Any CPU = Release|Any CPU
	EndGlobalSection
	GlobalSection(ProjectConfigurationPlatforms) = postSolution
		{7E26E2D1-4A52-4C33-A5AE-335D9871D9BE}.Debug|Any CPU.ActiveCfg = Debug|Any CPU
		{7E26E2D1-4A52-4C33-A5AE-335D9871D9BE}.Debug|Any CPU.Build.0 = Debug|Any CPU
		{7E26E2D1-4A52-4C33-A5AE-335D9871D9BE}.Release|Any CPU.ActiveCfg = Release|Any CPU
		{7E26E2D1-4A52-4C33-A5AE-335D9871D9BE}.Release|Any CPU.Build.0 = Release|Any CPU
		{3790CBC3-245E-4E14-BBED-C5AFA147DECF}.Debug|Any CPU.ActiveCfg = Debug|Any CPU
		{3790CBC3-245E-4E14-BBED-C5AFA147DECF}.Debug|Any CPU.Build.0 = Debug|Any CPU
		{3790CBC3-245E-4E14-BBED-C5AFA147DECF}.Release|Any CPU.ActiveCfg = Release|Any CPU
		{3790CBC3-245E-4E14-BBED-C5AFA147DECF}.Release|Any CPU.Build.0 = Release|Any CPU
	EndGlobalSection
	GlobalSection(SolutionProperties) = preSolution
		HideSolutionNode = FALSE
	EndGlobalSection
	GlobalSection(ExtensibilityGlobals) = postSolution
		SolutionGuid = {E6C09B68-6F84-4415-9B9F-AB73E703A9AD}
	EndGlobalSection
EndGlobal
